// !$*UTF8*$!
{
	archiveVersion = 1;
	classes = {
	};
	objectVersion = 46;
	objects = {

/* Begin PBXBuildFile section */
		B64487C1205E5F4200E22529 /* AppDelegate.swift in Sources */ = {isa = PBXBuildFile; fileRef = B64487C0205E5F4200E22529 /* AppDelegate.swift */; };
		B64487C3205E5F4200E22529 /* ViewController.swift in Sources */ = {isa = PBXBuildFile; fileRef = B64487C2205E5F4200E22529 /* ViewController.swift */; };
		B64487C6205E5F4200E22529 /* Main.storyboard in Resources */ = {isa = PBXBuildFile; fileRef = B64487C4205E5F4200E22529 /* Main.storyboard */; };
		B64487C8205E5F4200E22529 /* Assets.xcassets in Resources */ = {isa = PBXBuildFile; fileRef = B64487C7205E5F4200E22529 /* Assets.xcassets */; };
		B64487CB205E5F4200E22529 /* LaunchScreen.storyboard in Resources */ = {isa = PBXBuildFile; fileRef = B64487C9205E5F4200E22529 /* LaunchScreen.storyboard */; };
/* End PBXBuildFile section */

/* Begin PBXFileReference section */
		B64487BD205E5F4200E22529 /* swiftEemm.app */ = {isa = PBXFileReference; explicitFileType = wrapper.application; includeInIndex = 0; path = swiftEemm.app; sourceTree = BUILT_PRODUCTS_DIR; };
		B64487C0205E5F4200E22529 /* AppDelegate.swift */ = {isa = PBXFileReference; lastKnownFileType = sourcecode.swift; path = AppDelegate.swift; sourceTree = "<group>"; };
		B64487C2205E5F4200E22529 /* ViewController.swift */ = {isa = PBXFileReference; lastKnownFileType = sourcecode.swift; path = ViewController.swift; sourceTree = "<group>"; };
		B64487C5205E5F4200E22529 /* Base */ = {isa = PBXFileReference; lastKnownFileType = file.storyboard; name = Base; path = Base.lproj/Main.storyboard; sourceTree = "<group>"; };
		B64487C7205E5F4200E22529 /* Assets.xcassets */ = {isa = PBXFileReference; lastKnownFileType = folder.assetcatalog; path = Assets.xcassets; sourceTree = "<group>"; };
		B64487CA205E5F4200E22529 /* Base */ = {isa = PBXFileReference; lastKnownFileType = file.storyboard; name = Base; path = Base.lproj/LaunchScreen.storyboard; sourceTree = "<group>"; };
		B64487CC205E5F4200E22529 /* Info.plist */ = {isa = PBXFileReference; lastKnownFileType = text.plist.xml; path = Info.plist; sourceTree = "<group>"; };
/* End PBXFileReference section */

/* Begin PBXFrameworksBuildPhase section */
		B64487BA205E5F4200E22529 /* Frameworks */ = {
			isa = PBXFrameworksBuildPhase;
			buildActionMask = 2147483647;
			files = (
			);
			runOnlyForDeploymentPostprocessing = 0;
		};
/* End PBXFrameworksBuildPhase section */

/* Begin PBXGroup section */
		B64487B4205E5F4100E22529 = {
			isa = PBXGroup;
			children = (
				B64487BF205E5F4200E22529 /* swiftEemm */,
				B64487BE205E5F4200E22529 /* Products */,
			);
			sourceTree = "<group>";
		};
		B64487BE205E5F4200E22529 /* Products */ = {
			isa = PBXGroup;
			children = (
				B64487BD205E5F4200E22529 /* swiftEemm.app */,
			);
			name = Products;
			sourceTree = "<group>";
		};
		B64487BF205E5F4200E22529 /* swiftEemm */ = {
			isa = PBXGroup;
			children = (
				B64487C0205E5F4200E22529 /* AppDelegate.swift */,
				B64487C2205E5F4200E22529 /* ViewController.swift */,
				B64487C4205E5F4200E22529 /* Main.storyboard */,
				B64487C7205E5F4200E22529 /* Assets.xcassets */,
				B64487C9205E5F4200E22529 /* LaunchScreen.storyboard */,
				B64487CC205E5F4200E22529 /* Info.plist */,
			);
			path = swiftEemm;
			sourceTree = "<group>";
		};
/* End PBXGroup section */

/* Begin PBXNativeTarget section */
		B64487BC205E5F4200E22529 /* swiftEemm */ = {
			isa = PBXNativeTarget;
			buildConfigurationList = B64487CF205E5F4200E22529 /* Build configuration list for PBXNativeTarget "swiftEemm" */;
			buildPhases = (
				B64487B9205E5F4200E22529 /* Sources */,
				B64487BA205E5F4200E22529 /* Frameworks */,
				B64487BB205E5F4200E22529 /* Resources */,
			);
			buildRules = (
			);
			dependencies = (
			);
			name = swiftEemm;
			productName = swiftEemm;
			productReference = B64487BD205E5F4200E22529 /* swiftEemm.app */;
			productType = "com.apple.product-type.application";
		};
/* End PBXNativeTarget section */

/* Begin PBXProject section */
		B64487B5205E5F4200E22529 /* Project object */ = {
			isa = PBXProject;
			attributes = {
				LastSwiftUpdateCheck = 0810;
				LastUpgradeCheck = 0810;
				ORGANIZATIONNAME = com.AmitSoftware;
				TargetAttributes = {
					B64487BC205E5F4200E22529 = {
						CreatedOnToolsVersion = 8.1;
						ProvisioningStyle = Automatic;
					};
				};
			};
			buildConfigurationList = B64487B8205E5F4200E22529 /* Build configuration list for PBXProject "swiftEemm" */;
			compatibilityVersion = "Xcode 3.2";
			developmentRegion = English;
			hasScannedForEncodings = 0;
			knownRegions = (
				en,
				Base,
			);
			mainGroup = B64487B4205E5F4100E22529;
			productRefGroup = B64487BE205E5F4200E22529 /* Products */;
			projectDirPath = "";
			projectRoot = "";
			targets = (
				B64487BC205E5F4200E22529 /* swiftEemm */,
			);
		};
/* End PBXProject section */

/* Begin PBXResourcesBuildPhase section */
		B64487BB205E5F4200E22529 /* Resources */ = {
			isa = PBXResourcesBuildPhase;
			buildActionMask = 2147483647;
			files = (
				B64487CB205E5F4200E22529 /* LaunchScreen.storyboard in Resources */,
				B64487C8205E5F4200E22529 /* Assets.xcassets in Resources */,
				B64487C6205E5F4200E22529 /* Main.storyboard in Resources */,
			);
			runOnlyForDeploymentPostprocessing = 0;
		};
/* End PBXResourcesBuildPhase section */

/* Begin PBXSourcesBuildPhase section */
		B64487B9205E5F4200E22529 /* Sources */ = {
			isa = PBXSourcesBuildPhase;
			buildActionMask = 2147483647;
			files = (
				B64487C3205E5F4200E22529 /* ViewController.swift in Sources */,
				B64487C1205E5F4200E22529 /* AppDelegate.swift in Sources */,
			);
			runOnlyForDeploymentPostprocessing = 0;
		};
/* End PBXSourcesBuildPhase section */

/* Begin PBXVariantGroup section */
		B64487C4205E5F4200E22529 /* Main.storyboard */ = {
			isa = PBXVariantGroup;
			children = (
				B64487C5205E5F4200E22529 /* Base */,
			);
			name = Main.storyboard;
			sourceTree = "<group>";
		};
		B64487C9205E5F4200E22529 /* LaunchScreen.storyboard */ = {
			isa = PBXVariantGroup;
			children = (
				B64487CA205E5F4200E22529 /* Base */,
			);
			name = LaunchScreen.storyboard;
			sourceTree = "<group>";
		};
/* End PBXVariantGroup section */

/* Begin XCBuildConfiguration section */
		B64487CD205E5F4200E22529 /* Debug */ = {
			isa = XCBuildConfiguration;
			buildSettings = {
				ALWAYS_SEARCH_USER_PATHS = NO;
				CLANG_ANALYZER_NONNULL = YES;
				CLANG_CXX_LANGUAGE_STANDARD = "gnu++0x";
				CLANG_CXX_LIBRARY = "libc++";
				CLANG_ENABLE_MODULES = YES;
				CLANG_ENABLE_OBJC_ARC = YES;
				CLANG_WARN_BOOL_CONVERSION = YES;
				CLANG_WARN_CONSTANT_CONVERSION = YES;
				CLANG_WARN_DIRECT_OBJC_ISA_USAGE = YES_ERROR;
				CLANG_WARN_DOCUMENTATION_COMMENTS = YES;
				CLANG_WARN_EMPTY_BODY = YES;
				CLANG_WARN_ENUM_CONVERSION = YES;
				CLANG_WARN_INFINITE_RECURSION = YES;
				CLANG_WARN_INT_CONVERSION = YES;
				CLANG_WARN_OBJC_ROOT_CLASS = YES_ERROR;
				CLANG_WARN_SUSPICIOUS_MOVES = YES;
				CLANG_WARN_UNREACHABLE_CODE = YES;
				CLANG_WARN__DUPLICATE_METHOD_MATCH = YES;
				"CODE_SIGN_IDENTITY[sdk=iphoneos*]" = "iPhone Developer";
				COPY_PHASE_STRIP = NO;
				DEBUG_INFORMATION_FORMAT = dwarf;
				ENABLE_STRICT_OBJC_MSGSEND = YES;
				ENABLE_TESTABILITY = YES;
				GCC_C_LANGUAGE_STANDARD = gnu99;
				GCC_DYNAMIC_NO_PIC = NO;
				GCC_NO_COMMON_BLOCKS = YES;
				GCC_OPTIMIZATION_LEVEL = 0;
				GCC_PREPROCESSOR_DEFINITIONS = (
					"DEBUG=1",
					"$(inherited)",
				);
				GCC_WARN_64_TO_32_BIT_CONVERSION = YES;
				GCC_WARN_ABOUT_RETURN_TYPE = YES_ERROR;
				GCC_WARN_UNDECLARED_SELECTOR = YES;
				GCC_WARN_UNINITIALIZED_AUTOS = YES_AGGRESSIVE;
				GCC_WARN_UNUSED_FUNCTION = YES;
				GCC_WARN_UNUSED_VARIABLE = YES;
				IPHONEOS_DEPLOYMENT_TARGET = 10.1;
				MTL_ENABLE_DEBUG_INFO = YES;
				ONLY_ACTIVE_ARCH = YES;
				SDKROOT = iphoneos;
				SWIFT_ACTIVE_COMPILATION_CONDITIONS = DEBUG;
				SWIFT_OPTIMIZATION_LEVEL = "-Onone";
				TARGETED_DEVICE_FAMILY = "1,2";
			};
			name = Debug;
		};
		B64487CE205E5F4200E22529 /* Release */ = {
			isa = XCBuildConfiguration;
			buildSettings = {
				ALWAYS_SEARCH_USER_PATHS = NO;
				CLANG_ANALYZER_NONNULL = YES;
				CLANG_CXX_LANGUAGE_STANDARD = "gnu++0x";
				CLANG_CXX_LIBRARY = "libc++";
				CLANG_ENABLE_MODULES = YES;
				CLANG_ENABLE_OBJC_ARC = YES;
				CLANG_WARN_BOOL_CONVERSION = YES;
				CLANG_WARN_CONSTANT_CONVERSION = YES;
				CLANG_WARN_DIRECT_OBJC_ISA_USAGE = YES_ERROR;
				CLANG_WARN_DOCUMENTATION_COMMENTS = YES;
				CLANG_WARN_EMPTY_BODY = YES;
				CLANG_WARN_ENUM_CONVERSION = YES;
				CLANG_WARN_INFINITE_RECURSION = YES;
				CLANG_WARN_INT_CONVERSION = YES;
				CLANG_WARN_OBJC_ROOT_CLASS = YES_ERROR;
				CLANG_WARN_SUSPICIOUS_MOVES = YES;
				CLANG_WARN_UNREACHABLE_CODE = YES;
				CLANG_WARN__DUPLICATE_METHOD_MATCH = YES;
				"CODE_SIGN_IDENTITY[sdk=iphoneos*]" = "iPhone Developer";
				COPY_PHASE_STRIP = NO;
				DEBUG_INFORMATION_FORMAT = "dwarf-with-dsym";
				ENABLE_NS_ASSERTIONS = NO;
				ENABLE_STRICT_OBJC_MSGSEND = YES;
				GCC_C_LANGUAGE_STANDARD = gnu99;
				GCC_NO_COMMON_BLOCKS = YES;
				GCC_WARN_64_TO_32_BIT_CONVERSION = YES;
				GCC_WARN_ABOUT_RETURN_TYPE = YES_ERROR;
				GCC_WARN_UNDECLARED_SELECTOR = YES;
				GCC_WARN_UNINITIALIZED_AUTOS = YES_AGGRESSIVE;
				GCC_WARN_UNUSED_FUNCTION = YES;
				GCC_WARN_UNUSED_VARIABLE = YES;
				IPHONEOS_DEPLOYMENT_TARGET = 10.1;
				MTL_ENABLE_DEBUG_INFO = NO;
				SDKROOT = iphoneos;
				SWIFT_OPTIMIZATION_LEVEL = "-Owholemodule";
				TARGETED_DEVICE_FAMILY = "1,2";
				VALIDATE_PRODUCT = YES;
			};
			name = Release;
		};
		B64487D0205E5F4200E22529 /* Debug */ = {
			isa = XCBuildConfiguration;
			buildSettings = {
				ASSETCATALOG_COMPILER_APPICON_NAME = AppIcon;
				INFOPLIST_FILE = swiftEemm/Info.plist;
				LD_RUNPATH_SEARCH_PATHS = "$(inherited) @executable_path/Frameworks";
				PRODUCT_BUNDLE_IDENTIFIER = TestTest.swiftEemm;
				PRODUCT_NAME = "$(TARGET_NAME)";
				SWIFT_VERSION = 3.0;
			};
			name = Debug;
		};
		B64487D1205E5F4200E22529 /* Release */ = {
			isa = XCBuildConfiguration;
			buildSettings = {
				ASSETCATALOG_COMPILER_APPICON_NAME = AppIcon;
				INFOPLIST_FILE = swiftEemm/Info.plist;
				LD_RUNPATH_SEARCH_PATHS = "$(inherited) @executable_path/Frameworks";
				PRODUCT_BUNDLE_IDENTIFIER = TestTest.swiftEemm;
				PRODUCT_NAME = "$(TARGET_NAME)";
				SWIFT_VERSION = 3.0;
			};
			name = Release;
		};
/* End XCBuildConfiguration section */

/* Begin XCConfigurationList section */
		B64487B8205E5F4200E22529 /* Build configuration list for PBXProject "swiftEemm" */ = {
			isa = XCConfigurationList;
			buildConfigurations = (
				B64487CD205E5F4200E22529 /* Debug */,
				B64487CE205E5F4200E22529 /* Release */,
			);
			defaultConfigurationIsVisible = 0;
			defaultConfigurationName = Release;
		};
		B64487CF205E5F4200E22529 /* Build configuration list for PBXNativeTarget "swiftEemm" */ = {
			isa = XCConfigurationList;
			buildConfigurations = (
				B64487D0205E5F4200E22529 /* Debug */,
				B64487D1205E5F4200E22529 /* Release */,
			);
			defaultConfigurationIsVisible = 0;
		};
/* End XCConfigurationList section */
	};
	rootObject = B64487B5205E5F4200E22529 /* Project object */;
}
